
Microsoft Visual Studio Solution File, Format Version 12.00
# Visual Studio Version 16
VisualStudioVersion = 16.0.30907.101
MinimumVisualStudioVersion = 10.0.40219.1
Project("{2150E333-8FDC-42A3-9474-1A3956D46DE8}") = "ProcessKiller", "ProcessKiller", "{44EBBB17-A63E-4033-B61D-5122F75CBF50}"
EndProject
Project("{FAE04EC0-301F-11D3-BF4B-00C04F79EFBC}") = "Killer", "ProcessKiller\Killer\Killer.csproj", "{FFF4D725-0A57-477B-B71A-4A97BE45CB08}"
EndProject
Project("{FAE04EC0-301F-11D3-BF4B-00C04F79EFBC}") = "KillerConsole", "KillerConsole\KillerConsole.csproj", "{6310CC33-2A2C-4AA7-BAC0-ACD67CC99E41}"
EndProject
Project("{FAE04EC0-301F-11D3-BF4B-00C04F79EFBC}") = "KillerTrayIcon", "KillerTrayIcon\KillerTrayIcon.csproj", "{6B1DA38F-B121-453E-846B-A17A849699D3}"
EndProject
Global
	GlobalSection(SolutionConfigurationPlatforms) = preSolution
		Debug|Any CPU = Debug|Any CPU
		Release|Any CPU = Release|Any CPU
	EndGlobalSection
	GlobalSection(ProjectConfigurationPlatforms) = postSolution
		{FFF4D725-0A57-477B-B71A-4A97BE45CB08}.Debug|Any CPU.ActiveCfg = Debug|Any CPU
		{FFF4D725-0A57-477B-B71A-4A97BE45CB08}.Debug|Any CPU.Build.0 = Debug|Any CPU
		{FFF4D725-0A57-477B-B71A-4A97BE45CB08}.Release|Any CPU.ActiveCfg = Release|Any CPU
		{FFF4D725-0A57-477B-B71A-4A97BE45CB08}.Release|Any CPU.Build.0 = Release|Any CPU
		{6310CC33-2A2C-4AA7-BAC0-ACD67CC99E41}.Debug|Any CPU.ActiveCfg = Debug|Any CPU
		{6310CC33-2A2C-4AA7-BAC0-ACD67CC99E41}.Debug|Any CPU.Build.0 = Debug|Any CPU
		{6310CC33-2A2C-4AA7-BAC0-ACD67CC99E41}.Release|Any CPU.ActiveCfg = Release|Any CPU
		{6310CC33-2A2C-4AA7-BAC0-ACD67CC99E41}.Release|Any CPU.Build.0 = Release|Any CPU
		{6B1DA38F-B121-453E-846B-A17A849699D3}.Debug|Any CPU.ActiveCfg = Debug|Any CPU
		{6B1DA38F-B121-453E-846B-A17A849699D3}.Debug|Any CPU.Build.0 = Debug|Any CPU
		{6B1DA38F-B121-453E-846B-A17A849699D3}.Release|Any CPU.ActiveCfg = Release|Any CPU
		{6B1DA38F-B121-453E-846B-A17A849699D3}.Release|Any CPU.Build.0 = Release|Any CPU
	EndGlobalSection
	GlobalSection(SolutionProperties) = preSolution
		HideSolutionNode = FALSE
	EndGlobalSection
	GlobalSection(NestedProjects) = preSolution
		{FFF4D725-0A57-477B-B71A-4A97BE45CB08} = {44EBBB17-A63E-4033-B61D-5122F75CBF50}
		{6310CC33-2A2C-4AA7-BAC0-ACD67CC99E41} = {44EBBB17-A63E-4033-B61D-5122F75CBF50}
		{6B1DA38F-B121-453E-846B-A17A849699D3} = {44EBBB17-A63E-4033-B61D-5122F75CBF50}
	EndGlobalSection
	GlobalSection(ExtensibilityGlobals) = postSolution
		SolutionGuid = {AD692F81-1CAD-401B-A796-C19D02ECC54E}
	EndGlobalSection
EndGlobal
